
Microsoft Visual Studio Solution File, Format Version 12.00
# Visual Studio Version 16
VisualStudioVersion = 16.0.30711.63
MinimumVisualStudioVersion = 10.0.40219.1
Project("{FAE04EC0-301F-11D3-BF4B-00C04F79EFBC}") = "WebSocketor", "WebSocketor\WebSocketor.csproj", "{93905FD0-9D0A-4BAB-9C6E-1AFB9D9AEBFB}"
EndProject
Global
	GlobalSection(SolutionConfigurationPlatforms) = preSolution
		Debug|Any CPU = Debug|Any CPU
		Release|Any CPU = Release|Any CPU
	EndGlobalSection
	GlobalSection(ProjectConfigurationPlatforms) = postSolution
		{93905FD0-9D0A-4BAB-9C6E-1AFB9D9AEBFB}.Debug|Any CPU.ActiveCfg = Debug|Any CPU
		{93905FD0-9D0A-4BAB-9C6E-1AFB9D9AEBFB}.Debug|Any CPU.Build.0 = Debug|Any CPU
		{93905FD0-9D0A-4BAB-9C6E-1AFB9D9AEBFB}.Release|Any CPU.ActiveCfg = Release|Any CPU
		{93905FD0-9D0A-4BAB-9C6E-1AFB9D9AEBFB}.Release|Any CPU.Build.0 = Release|Any CPU
	EndGlobalSection
	GlobalSection(SolutionProperties) = preSolution
		HideSolutionNode = FALSE
	EndGlobalSection
	GlobalSection(ExtensibilityGlobals) = postSolution
		SolutionGuid = {3ED7BBFC-8230-4666-806B-2989C6F07B05}
	EndGlobalSection
EndGlobal
